
Microsoft Visual Studio Solution File, Format Version 12.00
# Visual Studio Version 16
VisualStudioVersion = 16.0.31613.86
MinimumVisualStudioVersion = 10.0.40219.1
Project("{FAE04EC0-301F-11D3-BF4B-00C04F79EFBC}") = "FastRecord.API", "FastRecord.API\FastRecord.API.csproj", "{2208D4D1-F9E1-4224-823D-9C7D88E4EE25}"
EndProject
Global
	GlobalSection(SolutionConfigurationPlatforms) = preSolution
		Debug|Any CPU = Debug|Any CPU
		Release|Any CPU = Release|Any CPU
	EndGlobalSection
	GlobalSection(ProjectConfigurationPlatforms) = postSolution
		{2208D4D1-F9E1-4224-823D-9C7D88E4EE25}.Debug|Any CPU.ActiveCfg = Debug|Any CPU
		{2208D4D1-F9E1-4224-823D-9C7D88E4EE25}.Debug|Any CPU.Build.0 = Debug|Any CPU
		{2208D4D1-F9E1-4224-823D-9C7D88E4EE25}.Release|Any CPU.ActiveCfg = Release|Any CPU
		{2208D4D1-F9E1-4224-823D-9C7D88E4EE25}.Release|Any CPU.Build.0 = Release|Any CPU
	EndGlobalSection
	GlobalSection(SolutionProperties) = preSolution
		HideSolutionNode = FALSE
	EndGlobalSection
	GlobalSection(ExtensibilityGlobals) = postSolution
		SolutionGuid = {358383A0-89AC-4046-85B3-3F2F057C1EF2}
	EndGlobalSection
EndGlobal
